Microsoft Visual Studio Solution File, Format Version 12.00
# Visual Studio Version 17
VisualStudioVersion = 17.5.2.0
MinimumVisualStudioVersion = 10.0.40219.1
Project("{FAE04EC0-301F-11D3-BF4B-00C04F79EFBC}") = "web-tool-youtube-downloader", "web-tool-youtube-downloader.csproj", "{936256CB-6201-8F58-4A3E-F2655F068396}"
EndProject
Global
	GlobalSection(SolutionConfigurationPlatforms) = preSolution
		Debug|Any CPU = Debug|Any CPU
		Release|Any CPU = Release|Any CPU
	EndGlobalSection
	GlobalSection(ProjectConfigurationPlatforms) = postSolution
		{936256CB-6201-8F58-4A3E-F2655F068396}.Debug|Any CPU.ActiveCfg = Debug|Any CPU
		{936256CB-6201-8F58-4A3E-F2655F068396}.Debug|Any CPU.Build.0 = Debug|Any CPU
		{936256CB-6201-8F58-4A3E-F2655F068396}.Release|Any CPU.ActiveCfg = Release|Any CPU
		{936256CB-6201-8F58-4A3E-F2655F068396}.Release|Any CPU.Build.0 = Release|Any CPU
	EndGlobalSection
	GlobalSection(SolutionProperties) = preSolution
		HideSolutionNode = FALSE
	EndGlobalSection
	GlobalSection(ExtensibilityGlobals) = postSolution
		SolutionGuid = {C1B956B4-B650-4A34-A1B0-EC3CD150C1B5}
	EndGlobalSection
EndGlobal
